// !$*UTF8*$!
{
	archiveVersion = 1;
	classes = {
	};
	objectVersion = 77;
	objects = {

/* Begin PBXBuildFile section */
		4123F6452CB5342900148A4D /* InnovaFinalAPI in Frameworks */ = {isa = PBXBuildFile; productRef = 4123F6442CB5342900148A4D /* InnovaFinalAPI */; };
		4123F6F42CB6831900148A4D /* SDWebImage in Frameworks */ = {isa = PBXBuildFile; productRef = 4123F6F32CB6831900148A4D /* SDWebImage */; };
		417EDFCA2CC10E750036CF89 /* Lottie in Frameworks */ = {isa = PBXBuildFile; productRef = 417EDFC92CC10E750036CF89 /* Lottie */; };
/* End PBXBuildFile section */

/* Begin PBXContainerItemProxy section */
		4123F5E12CB3FF3B00148A4D /* PBXContainerItemProxy */ = {
			isa = PBXContainerItemProxy;
			containerPortal = 4123F5BF2CB3FF3900148A4D /* Project object */;
			proxyType = 1;
			remoteGlobalIDString = 4123F5C62CB3FF3900148A4D;
			remoteInfo = InnovaFinal;
		};
		4123F5EB2CB3FF3B00148A4D /* PBXContainerItemProxy */ = {
			isa = PBXContainerItemProxy;
			containerPortal = 4123F5BF2CB3FF3900148A4D /* Project object */;
			proxyType = 1;
			remoteGlobalIDString = 4123F5C62CB3FF3900148A4D;
			remoteInfo = InnovaFinal;
		};
/* End PBXContainerItemProxy section */

/* Begin PBXFileReference section */
		4123F5C72CB3FF3900148A4D /* InnovaFinal.app */ = {isa = PBXFileReference; explicitFileType = wrapper.application; includeInIndex = 0; path = InnovaFinal.app; sourceTree = BUILT_PRODUCTS_DIR; };
		4123F5E02CB3FF3B00148A4D /* InnovaFinalTests.xctest */ = {isa = PBXFileReference; explicitFileType = wrapper.cfbundle; includeInIndex = 0; path = InnovaFinalTests.xctest; sourceTree = BUILT_PRODUCTS_DIR; };
		4123F5EA2CB3FF3B00148A4D /* InnovaFinalUITests.xctest */ = {isa = PBXFileReference; explicitFileType = wrapper.cfbundle; includeInIndex = 0; path = InnovaFinalUITests.xctest; sourceTree = BUILT_PRODUCTS_DIR; };
		4123F5FE2CB4009500148A4D /* InnovaFinalAPI */ = {isa = PBXFileReference; lastKnownFileType = wrapper; name = InnovaFinalAPI; path = ../InnovaFinalAPI; sourceTree = SOURCE_ROOT; };
/* End PBXFileReference section */

/* Begin PBXFileSystemSynchronizedBuildFileExceptionSet section */
		4123F5F22CB3FF3B00148A4D /* Exceptions for "InnovaFinal" folder in "InnovaFinal" target */ = {
			isa = PBXFileSystemSynchronizedBuildFileExceptionSet;
			membershipExceptions = (
				Info.plist,
			);
			target = 4123F5C62CB3FF3900148A4D /* InnovaFinal */;
		};
/* End PBXFileSystemSynchronizedBuildFileExceptionSet section */

/* Begin PBXFileSystemSynchronizedRootGroup section */
		4123F5C92CB3FF3900148A4D /* InnovaFinal */ = {
			isa = PBXFileSystemSynchronizedRootGroup;
			exceptions = (
				4123F5F22CB3FF3B00148A4D /* Exceptions for "InnovaFinal" folder in "InnovaFinal" target */,
			);
			path = InnovaFinal;
			sourceTree = "<group>";
		};
		4123F5E32CB3FF3B00148A4D /* InnovaFinalTests */ = {
			isa = PBXFileSystemSynchronizedRootGroup;
			path = InnovaFinalTests;
			sourceTree = "<group>";
		};
		4123F5ED2CB3FF3B00148A4D /* InnovaFinalUITests */ = {
			isa = PBXFileSystemSynchronizedRootGroup;
			path = InnovaFinalUITests;
			sourceTree = "<group>";
		};
/* End PBXFileSystemSynchronizedRootGroup section */

/* Begin PBXFrameworksBuildPhase section */
		4123F5C42CB3FF3900148A4D /* Frameworks */ = {
			isa = PBXFrameworksBuildPhase;
			buildActionMask = 2147483647;
			files = (
				4123F6F42CB6831900148A4D /* SDWebImage in Frameworks */,
				4123F6452CB5342900148A4D /* InnovaFinalAPI in Frameworks */,
				417EDFCA2CC10E750036CF89 /* Lottie in Frameworks */,
			);
			runOnlyForDeploymentPostprocessing = 0;
		};
		4123F5DD2CB3FF3B00148A4D /* Frameworks */ = {
			isa = PBXFrameworksBuildPhase;
			buildActionMask = 2147483647;
			files = (
			);
			runOnlyForDeploymentPostprocessing = 0;
		};
		4123F5E72CB3FF3B00148A4D /* Frameworks */ = {
			isa = PBXFrameworksBuildPhase;
			buildActionMask = 2147483647;
			files = (
			);
			runOnlyForDeploymentPostprocessing = 0;
		};
/* End PBXFrameworksBuildPhase section */

/* Begin PBXGroup section */
		4123F5BE2CB3FF3900148A4D = {
			isa = PBXGroup;
			children = (
				4123F5FE2CB4009500148A4D /* InnovaFinalAPI */,
				4123F5C92CB3FF3900148A4D /* InnovaFinal */,
				4123F5E32CB3FF3B00148A4D /* InnovaFinalTests */,
				4123F5ED2CB3FF3B00148A4D /* InnovaFinalUITests */,
				4123F6432CB5342900148A4D /* Frameworks */,
				4123F5C82CB3FF3900148A4D /* Products */,
			);
			sourceTree = "<group>";
		};
		4123F5C82CB3FF3900148A4D /* Products */ = {
			isa = PBXGroup;
			children = (
				4123F5C72CB3FF3900148A4D /* InnovaFinal.app */,
				4123F5E02CB3FF3B00148A4D /* InnovaFinalTests.xctest */,
				4123F5EA2CB3FF3B00148A4D /* InnovaFinalUITests.xctest */,
			);
			name = Products;
			sourceTree = "<group>";
		};
		4123F6432CB5342900148A4D /* Frameworks */ = {
			isa = PBXGroup;
			children = (
			);
			name = Frameworks;
			sourceTree = "<group>";
		};
/* End PBXGroup section */

/* Begin PBXNativeTarget section */
		4123F5C62CB3FF3900148A4D /* InnovaFinal */ = {
			isa = PBXNativeTarget;
			buildConfigurationList = 4123F5F32CB3FF3B00148A4D /* Build configuration list for PBXNativeTarget "InnovaFinal" */;
			buildPhases = (
				4123F5C32CB3FF3900148A4D /* Sources */,
				4123F5C42CB3FF3900148A4D /* Frameworks */,
				4123F5C52CB3FF3900148A4D /* Resources */,
			);
			buildRules = (
			);
			dependencies = (
			);
			fileSystemSynchronizedGroups = (
				4123F5C92CB3FF3900148A4D /* InnovaFinal */,
			);
			name = InnovaFinal;
			packageProductDependencies = (
				4123F6442CB5342900148A4D /* InnovaFinalAPI */,
				4123F6F32CB6831900148A4D /* SDWebImage */,
				417EDFC92CC10E750036CF89 /* Lottie */,
			);
			productName = InnovaFinal;
			productReference = 4123F5C72CB3FF3900148A4D /* InnovaFinal.app */;
			productType = "com.apple.product-type.application";
		};
		4123F5DF2CB3FF3B00148A4D /* InnovaFinalTests */ = {
			isa = PBXNativeTarget;
			buildConfigurationList = 4123F5F82CB3FF3B00148A4D /* Build configuration list for PBXNativeTarget "InnovaFinalTests" */;
			buildPhases = (
				4123F5DC2CB3FF3B00148A4D /* Sources */,
				4123F5DD2CB3FF3B00148A4D /* Frameworks */,
				4123F5DE2CB3FF3B00148A4D /* Resources */,
			);
			buildRules = (
			);
			dependencies = (
				4123F5E22CB3FF3B00148A4D /* PBXTargetDependency */,
			);
			fileSystemSynchronizedGroups = (
				4123F5E32CB3FF3B00148A4D /* InnovaFinalTests */,
			);
			name = InnovaFinalTests;
			packageProductDependencies = (
			);
			productName = InnovaFinalTests;
			productReference = 4123F5E02CB3FF3B00148A4D /* InnovaFinalTests.xctest */;
			productType = "com.apple.product-type.bundle.unit-test";
		};
		4123F5E92CB3FF3B00148A4D /* InnovaFinalUITests */ = {
			isa = PBXNativeTarget;
			buildConfigurationList = 4123F5FB2CB3FF3B00148A4D /* Build configuration list for PBXNativeTarget "InnovaFinalUITests" */;
			buildPhases = (
				4123F5E62CB3FF3B00148A4D /* Sources */,
				4123F5E72CB3FF3B00148A4D /* Frameworks */,
				4123F5E82CB3FF3B00148A4D /* Resources */,
			);
			buildRules = (
			);
			dependencies = (
				4123F5EC2CB3FF3B00148A4D /* PBXTargetDependency */,
			);
			fileSystemSynchronizedGroups = (
				4123F5ED2CB3FF3B00148A4D /* InnovaFinalUITests */,
			);
			name = InnovaFinalUITests;
			packageProductDependencies = (
			);
			productName = InnovaFinalUITests;
			productReference = 4123F5EA2CB3FF3B00148A4D /* InnovaFinalUITests.xctest */;
			productType = "com.apple.product-type.bundle.ui-testing";
		};
/* End PBXNativeTarget section */

/* Begin PBXProject section */
		4123F5BF2CB3FF3900148A4D /* Project object */ = {
			isa = PBXProject;
			attributes = {
				BuildIndependentTargetsInParallel = 1;
				LastSwiftUpdateCheck = 1600;
				LastUpgradeCheck = 1600;
				TargetAttributes = {
					4123F5C62CB3FF3900148A4D = {
						CreatedOnToolsVersion = 16.0;
					};
					4123F5DF2CB3FF3B00148A4D = {
						CreatedOnToolsVersion = 16.0;
						TestTargetID = 4123F5C62CB3FF3900148A4D;
					};
					4123F5E92CB3FF3B00148A4D = {
						CreatedOnToolsVersion = 16.0;
						TestTargetID = 4123F5C62CB3FF3900148A4D;
					};
				};
			};
			buildConfigurationList = 4123F5C22CB3FF3900148A4D /* Build configuration list for PBXProject "InnovaFinal" */;
			developmentRegion = en;
			hasScannedForEncodings = 0;
			knownRegions = (
				en,
				Base,
			);
			mainGroup = 4123F5BE2CB3FF3900148A4D;
			minimizedProjectReferenceProxies = 1;
			packageReferences = (
				4123F6F22CB682F400148A4D /* XCRemoteSwiftPackageReference "SDWebImage" */,
				417EDFC52CC10D2B0036CF89 /* XCRemoteSwiftPackageReference "lottie-ios" */,
			);
			preferredProjectObjectVersion = 77;
			productRefGroup = 4123F5C82CB3FF3900148A4D /* Products */;
			projectDirPath = "";
			projectRoot = "";
			targets = (
				4123F5C62CB3FF3900148A4D /* InnovaFinal */,
				4123F5DF2CB3FF3B00148A4D /* InnovaFinalTests */,
				4123F5E92CB3FF3B00148A4D /* InnovaFinalUITests */,
			);
		};
/* End PBXProject section */

/* Begin PBXResourcesBuildPhase section */
		4123F5C52CB3FF3900148A4D /* Resources */ = {
			isa = PBXResourcesBuildPhase;
			buildActionMask = 2147483647;
			files = (
			);
			runOnlyForDeploymentPostprocessing = 0;
		};
		4123F5DE2CB3FF3B00148A4D /* Resources */ = {
			isa = PBXResourcesBuildPhase;
			buildActionMask = 2147483647;
			files = (
			);
			runOnlyForDeploymentPostprocessing = 0;
		};
		4123F5E82CB3FF3B00148A4D /* Resources */ = {
			isa = PBXResourcesBuildPhase;
			buildActionMask = 2147483647;
			files = (
			);
			runOnlyForDeploymentPostprocessing = 0;
		};
/* End PBXResourcesBuildPhase section */

/* Begin PBXSourcesBuildPhase section */
		4123F5C32CB3FF3900148A4D /* Sources */ = {
			isa = PBXSourcesBuildPhase;
			buildActionMask = 2147483647;
			files = (
			);
			runOnlyForDeploymentPostprocessing = 0;
		};
		4123F5DC2CB3FF3B00148A4D /* Sources */ = {
			isa = PBXSourcesBuildPhase;
			buildActionMask = 2147483647;
			files = (
			);
			runOnlyForDeploymentPostprocessing = 0;
		};
		4123F5E62CB3FF3B00148A4D /* Sources */ = {
			isa = PBXSourcesBuildPhase;
			buildActionMask = 2147483647;
			files = (
			);
			runOnlyForDeploymentPostprocessing = 0;
		};
/* End PBXSourcesBuildPhase section */

/* Begin PBXTargetDependency section */
		4123F5E22CB3FF3B00148A4D /* PBXTargetDependency */ = {
			isa = PBXTargetDependency;
			target = 4123F5C62CB3FF3900148A4D /* InnovaFinal */;
			targetProxy = 4123F5E12CB3FF3B00148A4D /* PBXContainerItemProxy */;
		};
		4123F5EC2CB3FF3B00148A4D /* PBXTargetDependency */ = {
			isa = PBXTargetDependency;
			target = 4123F5C62CB3FF3900148A4D /* InnovaFinal */;
			targetProxy = 4123F5EB2CB3FF3B00148A4D /* PBXContainerItemProxy */;
		};
/* End PBXTargetDependency section */

/* Begin XCBuildConfiguration section */
		4123F5F42CB3FF3B00148A4D /* Debug */ = {
			isa = XCBuildConfiguration;
			buildSettings = {
				ASSETCATALOG_COMPILER_APPICON_NAME = AppIcon;
				ASSETCATALOG_COMPILER_GLOBAL_ACCENT_COLOR_NAME = AccentColor;
				CODE_SIGN_STYLE = Automatic;
				CURRENT_PROJECT_VERSION = 1;
				GENERATE_INFOPLIST_FILE = YES;
				INFOPLIST_FILE = InnovaFinal/Info.plist;
				INFOPLIST_KEY_UIApplicationSupportsIndirectInputEvents = YES;
				INFOPLIST_KEY_UILaunchStoryboardName = LaunchScreen;
				INFOPLIST_KEY_UIMainStoryboardFile = Main;
				INFOPLIST_KEY_UISupportedInterfaceOrientations_iPad = "UIInterfaceOrientationPortrait UIInterfaceOrientationPortraitUpsideDown UIInterfaceOrientationLandscapeLeft UIInterfaceOrientationLandscapeRight";
				INFOPLIST_KEY_UISupportedInterfaceOrientations_iPhone = "UIInterfaceOrientationPortrait UIInterfaceOrientationLandscapeLeft UIInterfaceOrientationLandscapeRight";
				LD_RUNPATH_SEARCH_PATHS = (
					"$(inherited)",
					"@executable_path/Frameworks",
				);
				MARKETING_VERSION = 1.0;
				PRODUCT_BUNDLE_IDENTIFIER = com.akbas.InnovaFinal;
				PRODUCT_NAME = "$(TARGET_NAME)";
				SWIFT_EMIT_LOC_STRINGS = YES;
				SWIFT_VERSION = 5.0;
				TARGETED_DEVICE_FAMILY = "1,2";
			};
			name = Debug;
		};
		4123F5F52CB3FF3B00148A4D /* Release */ = {
			isa = XCBuildConfiguration;
			buildSettings = {
				ASSETCATALOG_COMPILER_APPICON_NAME = AppIcon;
				ASSETCATALOG_COMPILER_GLOBAL_ACCENT_COLOR_NAME = AccentColor;
				CODE_SIGN_STYLE = Automatic;
				CURRENT_PROJECT_VERSION = 1;
				GENERATE_INFOPLIST_FILE = YES;
				INFOPLIST_FILE = InnovaFinal/Info.plist;
				INFOPLIST_KEY_UIApplicationSupportsIndirectInputEvents = YES;
				INFOPLIST_KEY_UILaunchStoryboardName = LaunchScreen;
				INFOPLIST_KEY_UIMainStoryboardFile = Main;
				INFOPLIST_KEY_UISupportedInterfaceOrientations_iPad = "UIInterfaceOrientationPortrait UIInterfaceOrientationPortraitUpsideDown UIInterfaceOrientationLandscapeLeft UIInterfaceOrientationLandscapeRight";
				INFOPLIST_KEY_UISupportedInterfaceOrientations_iPhone = "UIInterfaceOrientationPortrait UIInterfaceOrientationLandscapeLeft UIInterfaceOrientationLandscapeRight";
				LD_RUNPATH_SEARCH_PATHS = (
					"$(inherited)",
					"@executable_path/Frameworks",
				);
				MARKETING_VERSION = 1.0;
				PRODUCT_BUNDLE_IDENTIFIER = com.akbas.InnovaFinal;
				PRODUCT_NAME = "$(TARGET_NAME)";
				SWIFT_EMIT_LOC_STRINGS = YES;
				SWIFT_VERSION = 5.0;
				TARGETED_DEVICE_FAMILY = "1,2";
			};
			name = Release;
		};
		4123F5F62CB3FF3B00148A4D /* Debug */ = {
			isa = XCBuildConfiguration;
			buildSettings = {
				ALWAYS_SEARCH_USER_PATHS = NO;
				ASSETCATALOG_COMPILER_GENERATE_SWIFT_ASSET_SYMBOL_EXTENSIONS = YES;
				CLANG_ANALYZER_NONNULL = YES;
				CLANG_ANALYZER_NUMBER_OBJECT_CONVERSION = YES_AGGRESSIVE;
				CLANG_CXX_LANGUAGE_STANDARD = "gnu++20";
				CLANG_ENABLE_MODULES = YES;
				CLANG_ENABLE_OBJC_ARC = YES;
				CLANG_ENABLE_OBJC_WEAK = YES;
				CLANG_WARN_BLOCK_CAPTURE_AUTORELEASING = YES;
				CLANG_WARN_BOOL_CONVERSION = YES;
				CLANG_WARN_COMMA = YES;
				CLANG_WARN_CONSTANT_CONVERSION = YES;
				CLANG_WARN_DEPRECATED_OBJC_IMPLEMENTATIONS = YES;
				CLANG_WARN_DIRECT_OBJC_ISA_USAGE = YES_ERROR;
				CLANG_WARN_DOCUMENTATION_COMMENTS = YES;
				CLANG_WARN_EMPTY_BODY = YES;
				CLANG_WARN_ENUM_CONVERSION = YES;
				CLANG_WARN_INFINITE_RECURSION = YES;
				CLANG_WARN_INT_CONVERSION = YES;
				CLANG_WARN_NON_LITERAL_NULL_CONVERSION = YES;
				CLANG_WARN_OBJC_IMPLICIT_RETAIN_SELF = YES;
				CLANG_WARN_OBJC_LITERAL_CONVERSION = YES;
				CLANG_WARN_OBJC_ROOT_CLASS = YES_ERROR;
				CLANG_WARN_QUOTED_INCLUDE_IN_FRAMEWORK_HEADER = YES;
				CLANG_WARN_RANGE_LOOP_ANALYSIS = YES;
				CLANG_WARN_STRICT_PROTOTYPES = YES;
				CLANG_WARN_SUSPICIOUS_MOVE = YES;
				CLANG_WARN_UNGUARDED_AVAILABILITY = YES_AGGRESSIVE;
				CLANG_WARN_UNREACHABLE_CODE = YES;
				CLANG_WARN__DUPLICATE_METHOD_MATCH = YES;
				COPY_PHASE_STRIP = NO;
				DEBUG_INFORMATION_FORMAT = dwarf;
				ENABLE_STRICT_OBJC_MSGSEND = YES;
				ENABLE_TESTABILITY = YES;
				ENABLE_USER_SCRIPT_SANDBOXING = YES;
				GCC_C_LANGUAGE_STANDARD = gnu17;
				GCC_DYNAMIC_NO_PIC = NO;
				GCC_NO_COMMON_BLOCKS = YES;
				GCC_OPTIMIZATION_LEVEL = 0;
				GCC_PREPROCESSOR_DEFINITIONS = (
					"DEBUG=1",
					"$(inherited)",
				);
				GCC_WARN_64_TO_32_BIT_CONVERSION = YES;
				GCC_WARN_ABOUT_RETURN_TYPE = YES_ERROR;
				GCC_WARN_UNDECLARED_SELECTOR = YES;
				GCC_WARN_UNINITIALIZED_AUTOS = YES_AGGRESSIVE;
				GCC_WARN_UNUSED_FUNCTION = YES;
				GCC_WARN_UNUSED_VARIABLE = YES;
				IPHONEOS_DEPLOYMENT_TARGET = 18.0;
				LOCALIZATION_PREFERS_STRING_CATALOGS = YES;
				MTL_ENABLE_DEBUG_INFO = INCLUDE_SOURCE;
				MTL_FAST_MATH = YES;
				ONLY_ACTIVE_ARCH = YES;
				SDKROOT = iphoneos;
				SWIFT_ACTIVE_COMPILATION_CONDITIONS = "DEBUG $(inherited)";
				SWIFT_OPTIMIZATION_LEVEL = "-Onone";
			};
			name = Debug;
		};
		4123F5F72CB3FF3B00148A4D /* Release */ = {
			isa = XCBuildConfiguration;
			buildSettings = {
				ALWAYS_SEARCH_USER_PATHS = NO;
				ASSETCATALOG_COMPILER_GENERATE_SWIFT_ASSET_SYMBOL_EXTENSIONS = YES;
				CLANG_ANALYZER_NONNULL = YES;
				CLANG_ANALYZER_NUMBER_OBJECT_CONVERSION = YES_AGGRESSIVE;
				CLANG_CXX_LANGUAGE_STANDARD = "gnu++20";
				CLANG_ENABLE_MODULES = YES;
				CLANG_ENABLE_OBJC_ARC = YES;
				CLANG_ENABLE_OBJC_WEAK = YES;
				CLANG_WARN_BLOCK_CAPTURE_AUTORELEASING = YES;
				CLANG_WARN_BOOL_CONVERSION = YES;
				CLANG_WARN_COMMA = YES;
				CLANG_WARN_CONSTANT_CONVERSION = YES;
				CLANG_WARN_DEPRECATED_OBJC_IMPLEMENTATIONS = YES;
				CLANG_WARN_DIRECT_OBJC_ISA_USAGE = YES_ERROR;
				CLANG_WARN_DOCUMENTATION_COMMENTS = YES;
				CLANG_WARN_EMPTY_BODY = YES;
				CLANG_WARN_ENUM_CONVERSION = YES;
				CLANG_WARN_INFINITE_RECURSION = YES;
				CLANG_WARN_INT_CONVERSION = YES;
				CLANG_WARN_NON_LITERAL_NULL_CONVERSION = YES;
				CLANG_WARN_OBJC_IMPLICIT_RETAIN_SELF = YES;
				CLANG_WARN_OBJC_LITERAL_CONVERSION = YES;
				CLANG_WARN_OBJC_ROOT_CLASS = YES_ERROR;
				CLANG_WARN_QUOTED_INCLUDE_IN_FRAMEWORK_HEADER = YES;
				CLANG_WARN_RANGE_LOOP_ANALYSIS = YES;
				CLANG_WARN_STRICT_PROTOTYPES = YES;
				CLANG_WARN_SUSPICIOUS_MOVE = YES;
				CLANG_WARN_UNGUARDED_AVAILABILITY = YES_AGGRESSIVE;
				CLANG_WARN_UNREACHABLE_CODE = YES;
				CLANG_WARN__DUPLICATE_METHOD_MATCH = YES;
				COPY_PHASE_STRIP = NO;
				DEBUG_INFORMATION_FORMAT = "dwarf-with-dsym";
				ENABLE_NS_ASSERTIONS = NO;
				ENABLE_STRICT_OBJC_MSGSEND = YES;
				ENABLE_USER_SCRIPT_SANDBOXING = YES;
				GCC_C_LANGUAGE_STANDARD = gnu17;
				GCC_NO_COMMON_BLOCKS = YES;
				GCC_WARN_64_TO_32_BIT_CONVERSION = YES;
				GCC_WARN_ABOUT_RETURN_TYPE = YES_ERROR;
				GCC_WARN_UNDECLARED_SELECTOR = YES;
				GCC_WARN_UNINITIALIZED_AUTOS = YES_AGGRESSIVE;
				GCC_WARN_UNUSED_FUNCTION = YES;
				GCC_WARN_UNUSED_VARIABLE = YES;
				IPHONEOS_DEPLOYMENT_TARGET = 18.0;
				LOCALIZATION_PREFERS_STRING_CATALOGS = YES;
				MTL_ENABLE_DEBUG_INFO = NO;
				MTL_FAST_MATH = YES;
				SDKROOT = iphoneos;
				SWIFT_COMPILATION_MODE = wholemodule;
				VALIDATE_PRODUCT = YES;
			};
			name = Release;
		};
		4123F5F92CB3FF3B00148A4D /* Debug */ = {
			isa = XCBuildConfiguration;
			buildSettings = {
				BUNDLE_LOADER = "$(TEST_HOST)";
				CODE_SIGN_STYLE = Automatic;
				CURRENT_PROJECT_VERSION = 1;
				GENERATE_INFOPLIST_FILE = YES;
				IPHONEOS_DEPLOYMENT_TARGET = 18.0;
				MARKETING_VERSION = 1.0;
				PRODUCT_BUNDLE_IDENTIFIER = com.akbas.InnovaFinalTests;
				PRODUCT_NAME = "$(TARGET_NAME)";
				SWIFT_EMIT_LOC_STRINGS = NO;
				SWIFT_VERSION = 5.0;
				TARGETED_DEVICE_FAMILY = "1,2";
				TEST_HOST = "$(BUILT_PRODUCTS_DIR)/InnovaFinal.app/$(BUNDLE_EXECUTABLE_FOLDER_PATH)/InnovaFinal";
			};
			name = Debug;
		};
		4123F5FA2CB3FF3B00148A4D /* Release */ = {
			isa = XCBuildConfiguration;
			buildSettings = {
				BUNDLE_LOADER = "$(TEST_HOST)";
				CODE_SIGN_STYLE = Automatic;
				CURRENT_PROJECT_VERSION = 1;
				GENERATE_INFOPLIST_FILE = YES;
				IPHONEOS_DEPLOYMENT_TARGET = 18.0;
				MARKETING_VERSION = 1.0;
				PRODUCT_BUNDLE_IDENTIFIER = com.akbas.InnovaFinalTests;
				PRODUCT_NAME = "$(TARGET_NAME)";
				SWIFT_EMIT_LOC_STRINGS = NO;
				SWIFT_VERSION = 5.0;
				TARGETED_DEVICE_FAMILY = "1,2";
				TEST_HOST = "$(BUILT_PRODUCTS_DIR)/InnovaFinal.app/$(BUNDLE_EXECUTABLE_FOLDER_PATH)/InnovaFinal";
			};
			name = Release;
		};
		4123F5FC2CB3FF3B00148A4D /* Debug */ = {
			isa = XCBuildConfiguration;
			buildSettings = {
				CODE_SIGN_STYLE = Automatic;
				CURRENT_PROJECT_VERSION = 1;
				GENERATE_INFOPLIST_FILE = YES;
				MARKETING_VERSION = 1.0;
				PRODUCT_BUNDLE_IDENTIFIER = com.akbas.InnovaFinalUITests;
				PRODUCT_NAME = "$(TARGET_NAME)";
				SWIFT_EMIT_LOC_STRINGS = NO;
				SWIFT_VERSION = 5.0;
				TARGETED_DEVICE_FAMILY = "1,2";
				TEST_TARGET_NAME = InnovaFinal;
			};
			name = Debug;
		};
		4123F5FD2CB3FF3B00148A4D /* Release */ = {
			isa = XCBuildConfiguration;
			buildSettings = {
				CODE_SIGN_STYLE = Automatic;
				CURRENT_PROJECT_VERSION = 1;
				GENERATE_INFOPLIST_FILE = YES;
				MARKETING_VERSION = 1.0;
				PRODUCT_BUNDLE_IDENTIFIER = com.akbas.InnovaFinalUITests;
				PRODUCT_NAME = "$(TARGET_NAME)";
				SWIFT_EMIT_LOC_STRINGS = NO;
				SWIFT_VERSION = 5.0;
				TARGETED_DEVICE_FAMILY = "1,2";
				TEST_TARGET_NAME = InnovaFinal;
			};
			name = Release;
		};
/* End XCBuildConfiguration section */

/* Begin XCConfigurationList section */
		4123F5C22CB3FF3900148A4D /* Build configuration list for PBXProject "InnovaFinal" */ = {
			isa = XCConfigurationList;
			buildConfigurations = (
				4123F5F62CB3FF3B00148A4D /* Debug */,
				4123F5F72CB3FF3B00148A4D /* Release */,
			);
			defaultConfigurationIsVisible = 0;
			defaultConfigurationName = Release;
		};
		4123F5F32CB3FF3B00148A4D /* Build configuration list for PBXNativeTarget "InnovaFinal" */ = {
			isa = XCConfigurationList;
			buildConfigurations = (
				4123F5F42CB3FF3B00148A4D /* Debug */,
				4123F5F52CB3FF3B00148A4D /* Release */,
			);
			defaultConfigurationIsVisible = 0;
			defaultConfigurationName = Release;
		};
		4123F5F82CB3FF3B00148A4D /* Build configuration list for PBXNativeTarget "InnovaFinalTests" */ = {
			isa = XCConfigurationList;
			buildConfigurations = (
				4123F5F92CB3FF3B00148A4D /* Debug */,
				4123F5FA2CB3FF3B00148A4D /* Release */,
			);
			defaultConfigurationIsVisible = 0;
			defaultConfigurationName = Release;
		};
		4123F5FB2CB3FF3B00148A4D /* Build configuration list for PBXNativeTarget "InnovaFinalUITests" */ = {
			isa = XCConfigurationList;
			buildConfigurations = (
				4123F5FC2CB3FF3B00148A4D /* Debug */,
				4123F5FD2CB3FF3B00148A4D /* Release */,
			);
			defaultConfigurationIsVisible = 0;
			defaultConfigurationName = Release;
		};
/* End XCConfigurationList section */

/* Begin XCRemoteSwiftPackageReference section */
		4123F6F22CB682F400148A4D /* XCRemoteSwiftPackageReference "SDWebImage" */ = {
			isa = XCRemoteSwiftPackageReference;
			repositoryURL = "https://github.com/SDWebImage/SDWebImage.git";
			requirement = {
				kind = upToNextMajorVersion;
				minimumVersion = 5.19.7;
			};
		};
		417EDFC52CC10D2B0036CF89 /* XCRemoteSwiftPackageReference "lottie-ios" */ = {
			isa = XCRemoteSwiftPackageReference;
			repositoryURL = "https://github.com/airbnb/lottie-ios";
			requirement = {
				kind = upToNextMajorVersion;
				minimumVersion = 4.5.0;
			};
		};
/* End XCRemoteSwiftPackageReference section */

/* Begin XCSwiftPackageProductDependency section */
		4123F6442CB5342900148A4D /* InnovaFinalAPI */ = {
			isa = XCSwiftPackageProductDependency;
			productName = InnovaFinalAPI;
		};
		4123F6F32CB6831900148A4D /* SDWebImage */ = {
			isa = XCSwiftPackageProductDependency;
			package = 4123F6F22CB682F400148A4D /* XCRemoteSwiftPackageReference "SDWebImage" */;
			productName = SDWebImage;
		};
		417EDFC92CC10E750036CF89 /* Lottie */ = {
			isa = XCSwiftPackageProductDependency;
			package = 417EDFC52CC10D2B0036CF89 /* XCRemoteSwiftPackageReference "lottie-ios" */;
			productName = Lottie;
		};
/* End XCSwiftPackageProductDependency section */
	};
	rootObject = 4123F5BF2CB3FF3900148A4D /* Project object */;
}
